{
  "nodes": {
    "impermanence": {
      "locked": {
        "lastModified": 1611747548,
        "narHash": "sha256-2z5wmWda1uI4IkTZrW52jiHq3bzhYLc+GgjvaSd544M=",
        "owner": "nix-community",
        "repo": "impermanence",
        "rev": "58558845bc68dcf2bb32caa80564f7fe3f6cbc61",
        "type": "github"
      },
      "original": {
        "owner": "nix-community",
        "repo": "impermanence",
        "type": "github"
      }
    },
    "nixpkgs": {
      "locked": {
        "lastModified": 1626298747,
        "narHash": "sha256-jkZfG3+YFgUn7fwUK9LOP0+aUq80XTVN6QsU7r2zcTg=",
        "owner": "nixos",
        "repo": "nixpkgs",
        "rev": "1f4e50f03c549addf78d4dde77e897ccbdd21947",
        "type": "github"
      },
      "original": {
        "owner": "nixos",
        "ref": "nixos-21.05",
        "repo": "nixpkgs",
        "type": "github"
      }
    },
    "root": {
      "inputs": {
        "impermanence": "impermanence",
        "nixpkgs": "nixpkgs"
      }
    }
  },
  "root": "root",
  "version": 7
}
